// !$*UTF8*$!
{
	archiveVersion = 1;
	classes = {
	};
	objectVersion = 56;
	objects = {

/* Begin PBXBuildFile section */
		9F515E6F2B52718400102470 /* CountDownAppApp.swift in Sources */ = {isa = PBXBuildFile; fileRef = 9F515E6E2B52718400102470 /* CountDownAppApp.swift */; };
		9F515E712B52718400102470 /* ContentView.swift in Sources */ = {isa = PBXBuildFile; fileRef = 9F515E702B52718400102470 /* ContentView.swift */; };
		9F515E732B52718700102470 /* Assets.xcassets in Resources */ = {isa = PBXBuildFile; fileRef = 9F515E722B52718700102470 /* Assets.xcassets */; };
		9F515E762B52718700102470 /* Preview Assets.xcassets in Resources */ = {isa = PBXBuildFile; fileRef = 9F515E752B52718700102470 /* Preview Assets.xcassets */; };
		9F515E782B52718700102470 /* Persistence.swift in Sources */ = {isa = PBXBuildFile; fileRef = 9F515E772B52718700102470 /* Persistence.swift */; };
		9F515E7B2B52718700102470 /* CountDownApp.xcdatamodeld in Sources */ = {isa = PBXBuildFile; fileRef = 9F515E792B52718700102470 /* CountDownApp.xcdatamodeld */; };
		9F515E852B52718800102470 /* CountDownAppTests.swift in Sources */ = {isa = PBXBuildFile; fileRef = 9F515E842B52718800102470 /* CountDownAppTests.swift */; };
		9F515E8F2B52718800102470 /* CountDownAppUITests.swift in Sources */ = {isa = PBXBuildFile; fileRef = 9F515E8E2B52718800102470 /* CountDownAppUITests.swift */; };
		9F515E912B52718800102470 /* CountDownAppUITestsLaunchTests.swift in Sources */ = {isa = PBXBuildFile; fileRef = 9F515E902B52718800102470 /* CountDownAppUITestsLaunchTests.swift */; };
/* End PBXBuildFile section */

/* Begin PBXContainerItemProxy section */
		9F515E812B52718800102470 /* PBXContainerItemProxy */ = {
			isa = PBXContainerItemProxy;
			containerPortal = 9F515E632B52718400102470 /* Project object */;
			proxyType = 1;
			remoteGlobalIDString = 9F515E6A2B52718400102470;
			remoteInfo = CountDownApp;
		};
		9F515E8B2B52718800102470 /* PBXContainerItemProxy */ = {
			isa = PBXContainerItemProxy;
			containerPortal = 9F515E632B52718400102470 /* Project object */;
			proxyType = 1;
			remoteGlobalIDString = 9F515E6A2B52718400102470;
			remoteInfo = CountDownApp;
		};
/* End PBXContainerItemProxy section */

/* Begin PBXFileReference section */
		9F515E6B2B52718400102470 /* CountDownApp.app */ = {isa = PBXFileReference; explicitFileType = wrapper.application; includeInIndex = 0; path = CountDownApp.app; sourceTree = BUILT_PRODUCTS_DIR; };
		9F515E6E2B52718400102470 /* CountDownAppApp.swift */ = {isa = PBXFileReference; lastKnownFileType = sourcecode.swift; path = CountDownAppApp.swift; sourceTree = "<group>"; };
		9F515E702B52718400102470 /* ContentView.swift */ = {isa = PBXFileReference; lastKnownFileType = sourcecode.swift; path = ContentView.swift; sourceTree = "<group>"; };
		9F515E722B52718700102470 /* Assets.xcassets */ = {isa = PBXFileReference; lastKnownFileType = folder.assetcatalog; path = Assets.xcassets; sourceTree = "<group>"; };
		9F515E752B52718700102470 /* Preview Assets.xcassets */ = {isa = PBXFileReference; lastKnownFileType = folder.assetcatalog; path = "Preview Assets.xcassets"; sourceTree = "<group>"; };
		9F515E772B52718700102470 /* Persistence.swift */ = {isa = PBXFileReference; lastKnownFileType = sourcecode.swift; path = Persistence.swift; sourceTree = "<group>"; };
		9F515E7A2B52718700102470 /* CountDownApp.xcdatamodel */ = {isa = PBXFileReference; lastKnownFileType = wrapper.xcdatamodel; path = CountDownApp.xcdatamodel; sourceTree = "<group>"; };
		9F515E802B52718800102470 /* CountDownAppTests.xctest */ = {isa = PBXFileReference; explicitFileType = wrapper.cfbundle; includeInIndex = 0; path = CountDownAppTests.xctest; sourceTree = BUILT_PRODUCTS_DIR; };
		9F515E842B52718800102470 /* CountDownAppTests.swift */ = {isa = PBXFileReference; lastKnownFileType = sourcecode.swift; path = CountDownAppTests.swift; sourceTree = "<group>"; };
		9F515E8A2B52718800102470 /* CountDownAppUITests.xctest */ = {isa = PBXFileReference; explicitFileType = wrapper.cfbundle; includeInIndex = 0; path = CountDownAppUITests.xctest; sourceTree = BUILT_PRODUCTS_DIR; };
		9F515E8E2B52718800102470 /* CountDownAppUITests.swift */ = {isa = PBXFileReference; lastKnownFileType = sourcecode.swift; path = CountDownAppUITests.swift; sourceTree = "<group>"; };
		9F515E902B52718800102470 /* CountDownAppUITestsLaunchTests.swift */ = {isa = PBXFileReference; lastKnownFileType = sourcecode.swift; path = CountDownAppUITestsLaunchTests.swift; sourceTree = "<group>"; };
/* End PBXFileReference section */

/* Begin PBXFrameworksBuildPhase section */
		9F515E682B52718400102470 /* Frameworks */ = {
			isa = PBXFrameworksBuildPhase;
			buildActionMask = 2147483647;
			files = (
			);
			runOnlyForDeploymentPostprocessing = 0;
		};
		9F515E7D2B52718800102470 /* Frameworks */ = {
			isa = PBXFrameworksBuildPhase;
			buildActionMask = 2147483647;
			files = (
			);
			runOnlyForDeploymentPostprocessing = 0;
		};
		9F515E872B52718800102470 /* Frameworks */ = {
			isa = PBXFrameworksBuildPhase;
			buildActionMask = 2147483647;
			files = (
			);
			runOnlyForDeploymentPostprocessing = 0;
		};
/* End PBXFrameworksBuildPhase section */

/* Begin PBXGroup section */
		9F515E622B52718400102470 = {
			isa = PBXGroup;
			children = (
				9F515E6D2B52718400102470 /* CountDownApp */,
				9F515E832B52718800102470 /* CountDownAppTests */,
				9F515E8D2B52718800102470 /* CountDownAppUITests */,
				9F515E6C2B52718400102470 /* Products */,
			);
			sourceTree = "<group>";
		};
		9F515E6C2B52718400102470 /* Products */ = {
			isa = PBXGroup;
			children = (
				9F515E6B2B52718400102470 /* CountDownApp.app */,
				9F515E802B52718800102470 /* CountDownAppTests.xctest */,
				9F515E8A2B52718800102470 /* CountDownAppUITests.xctest */,
			);
			name = Products;
			sourceTree = "<group>";
		};
		9F515E6D2B52718400102470 /* CountDownApp */ = {
			isa = PBXGroup;
			children = (
				9F515E6E2B52718400102470 /* CountDownAppApp.swift */,
				9F515E702B52718400102470 /* ContentView.swift */,
				9F515E722B52718700102470 /* Assets.xcassets */,
				9F515E772B52718700102470 /* Persistence.swift */,
				9F515E792B52718700102470 /* CountDownApp.xcdatamodeld */,
				9F515E742B52718700102470 /* Preview Content */,
			);
			path = CountDownApp;
			sourceTree = "<group>";
		};
		9F515E742B52718700102470 /* Preview Content */ = {
			isa = PBXGroup;
			children = (
				9F515E752B52718700102470 /* Preview Assets.xcassets */,
			);
			path = "Preview Content";
			sourceTree = "<group>";
		};
		9F515E832B52718800102470 /* CountDownAppTests */ = {
			isa = PBXGroup;
			children = (
				9F515E842B52718800102470 /* CountDownAppTests.swift */,
			);
			path = CountDownAppTests;
			sourceTree = "<group>";
		};
		9F515E8D2B52718800102470 /* CountDownAppUITests */ = {
			isa = PBXGroup;
			children = (
				9F515E8E2B52718800102470 /* CountDownAppUITests.swift */,
				9F515E902B52718800102470 /* CountDownAppUITestsLaunchTests.swift */,
			);
			path = CountDownAppUITests;
			sourceTree = "<group>";
		};
/* End PBXGroup section */

/* Begin PBXNativeTarget section */
		9F515E6A2B52718400102470 /* CountDownApp */ = {
			isa = PBXNativeTarget;
			buildConfigurationList = 9F515E942B52718800102470 /* Build configuration list for PBXNativeTarget "CountDownApp" */;
			buildPhases = (
				9F515E672B52718400102470 /* Sources */,
				9F515E682B52718400102470 /* Frameworks */,
				9F515E692B52718400102470 /* Resources */,
			);
			buildRules = (
			);
			dependencies = (
			);
			name = CountDownApp;
			productName = CountDownApp;
			productReference = 9F515E6B2B52718400102470 /* CountDownApp.app */;
			productType = "com.apple.product-type.application";
		};
		9F515E7F2B52718800102470 /* CountDownAppTests */ = {
			isa = PBXNativeTarget;
			buildConfigurationList = 9F515E972B52718800102470 /* Build configuration list for PBXNativeTarget "CountDownAppTests" */;
			buildPhases = (
				9F515E7C2B52718800102470 /* Sources */,
				9F515E7D2B52718800102470 /* Frameworks */,
				9F515E7E2B52718800102470 /* Resources */,
			);
			buildRules = (
			);
			dependencies = (
				9F515E822B52718800102470 /* PBXTargetDependency */,
			);
			name = CountDownAppTests;
			productName = CountDownAppTests;
			productReference = 9F515E802B52718800102470 /* CountDownAppTests.xctest */;
			productType = "com.apple.product-type.bundle.unit-test";
		};
		9F515E892B52718800102470 /* CountDownAppUITests */ = {
			isa = PBXNativeTarget;
			buildConfigurationList = 9F515E9A2B52718800102470 /* Build configuration list for PBXNativeTarget "CountDownAppUITests" */;
			buildPhases = (
				9F515E862B52718800102470 /* Sources */,
				9F515E872B52718800102470 /* Frameworks */,
				9F515E882B52718800102470 /* Resources */,
			);
			buildRules = (
			);
			dependencies = (
				9F515E8C2B52718800102470 /* PBXTargetDependency */,
			);
			name = CountDownAppUITests;
			productName = CountDownAppUITests;
			productReference = 9F515E8A2B52718800102470 /* CountDownAppUITests.xctest */;
			productType = "com.apple.product-type.bundle.ui-testing";
		};
/* End PBXNativeTarget section */

/* Begin PBXProject section */
		9F515E632B52718400102470 /* Project object */ = {
			isa = PBXProject;
			attributes = {
				BuildIndependentTargetsInParallel = 1;
				LastSwiftUpdateCheck = 1420;
				LastUpgradeCheck = 1420;
				TargetAttributes = {
					9F515E6A2B52718400102470 = {
						CreatedOnToolsVersion = 14.2;
					};
					9F515E7F2B52718800102470 = {
						CreatedOnToolsVersion = 14.2;
						TestTargetID = 9F515E6A2B52718400102470;
					};
					9F515E892B52718800102470 = {
						CreatedOnToolsVersion = 14.2;
						TestTargetID = 9F515E6A2B52718400102470;
					};
				};
			};
			buildConfigurationList = 9F515E662B52718400102470 /* Build configuration list for PBXProject "CountDownApp" */;
			compatibilityVersion = "Xcode 14.0";
			developmentRegion = en;
			hasScannedForEncodings = 0;
			knownRegions = (
				en,
				Base,
			);
			mainGroup = 9F515E622B52718400102470;
			productRefGroup = 9F515E6C2B52718400102470 /* Products */;
			projectDirPath = "";
			projectRoot = "";
			targets = (
				9F515E6A2B52718400102470 /* CountDownApp */,
				9F515E7F2B52718800102470 /* CountDownAppTests */,
				9F515E892B52718800102470 /* CountDownAppUITests */,
			);
		};
/* End PBXProject section */

/* Begin PBXResourcesBuildPhase section */
		9F515E692B52718400102470 /* Resources */ = {
			isa = PBXResourcesBuildPhase;
			buildActionMask = 2147483647;
			files = (
				9F515E762B52718700102470 /* Preview Assets.xcassets in Resources */,
				9F515E732B52718700102470 /* Assets.xcassets in Resources */,
			);
			runOnlyForDeploymentPostprocessing = 0;
		};
		9F515E7E2B52718800102470 /* Resources */ = {
			isa = PBXResourcesBuildPhase;
			buildActionMask = 2147483647;
			files = (
			);
			runOnlyForDeploymentPostprocessing = 0;
		};
		9F515E882B52718800102470 /* Resources */ = {
			isa = PBXResourcesBuildPhase;
			buildActionMask = 2147483647;
			files = (
			);
			runOnlyForDeploymentPostprocessing = 0;
		};
/* End PBXResourcesBuildPhase section */

/* Begin PBXSourcesBuildPhase section */
		9F515E672B52718400102470 /* Sources */ = {
			isa = PBXSourcesBuildPhase;
			buildActionMask = 2147483647;
			files = (
				9F515E782B52718700102470 /* Persistence.swift in Sources */,
				9F515E712B52718400102470 /* ContentView.swift in Sources */,
				9F515E6F2B52718400102470 /* CountDownAppApp.swift in Sources */,
				9F515E7B2B52718700102470 /* CountDownApp.xcdatamodeld in Sources */,
			);
			runOnlyForDeploymentPostprocessing = 0;
		};
		9F515E7C2B52718800102470 /* Sources */ = {
			isa = PBXSourcesBuildPhase;
			buildActionMask = 2147483647;
			files = (
				9F515E852B52718800102470 /* CountDownAppTests.swift in Sources */,
			);
			runOnlyForDeploymentPostprocessing = 0;
		};
		9F515E862B52718800102470 /* Sources */ = {
			isa = PBXSourcesBuildPhase;
			buildActionMask = 2147483647;
			files = (
				9F515E912B52718800102470 /* CountDownAppUITestsLaunchTests.swift in Sources */,
				9F515E8F2B52718800102470 /* CountDownAppUITests.swift in Sources */,
			);
			runOnlyForDeploymentPostprocessing = 0;
		};
/* End PBXSourcesBuildPhase section */

/* Begin PBXTargetDependency section */
		9F515E822B52718800102470 /* PBXTargetDependency */ = {
			isa = PBXTargetDependency;
			target = 9F515E6A2B52718400102470 /* CountDownApp */;
			targetProxy = 9F515E812B52718800102470 /* PBXContainerItemProxy */;
		};
		9F515E8C2B52718800102470 /* PBXTargetDependency */ = {
			isa = PBXTargetDependency;
			target = 9F515E6A2B52718400102470 /* CountDownApp */;
			targetProxy = 9F515E8B2B52718800102470 /* PBXContainerItemProxy */;
		};
/* End PBXTargetDependency section */

/* Begin XCBuildConfiguration section */
		9F515E922B52718800102470 /* Debug */ = {
			isa = XCBuildConfiguration;
			buildSettings = {
				ALWAYS_SEARCH_USER_PATHS = NO;
				CLANG_ANALYZER_NONNULL = YES;
				CLANG_ANALYZER_NUMBER_OBJECT_CONVERSION = YES_AGGRESSIVE;
				CLANG_CXX_LANGUAGE_STANDARD = "gnu++20";
				CLANG_ENABLE_MODULES = YES;
				CLANG_ENABLE_OBJC_ARC = YES;
				CLANG_ENABLE_OBJC_WEAK = YES;
				CLANG_WARN_BLOCK_CAPTURE_AUTORELEASING = YES;
				CLANG_WARN_BOOL_CONVERSION = YES;
				CLANG_WARN_COMMA = YES;
				CLANG_WARN_CONSTANT_CONVERSION = YES;
				CLANG_WARN_DEPRECATED_OBJC_IMPLEMENTATIONS = YES;
				CLANG_WARN_DIRECT_OBJC_ISA_USAGE = YES_ERROR;
				CLANG_WARN_DOCUMENTATION_COMMENTS = YES;
				CLANG_WARN_EMPTY_BODY = YES;
				CLANG_WARN_ENUM_CONVERSION = YES;
				CLANG_WARN_INFINITE_RECURSION = YES;
				CLANG_WARN_INT_CONVERSION = YES;
				CLANG_WARN_NON_LITERAL_NULL_CONVERSION = YES;
				CLANG_WARN_OBJC_IMPLICIT_RETAIN_SELF = YES;
				CLANG_WARN_OBJC_LITERAL_CONVERSION = YES;
				CLANG_WARN_OBJC_ROOT_CLASS = YES_ERROR;
				CLANG_WARN_QUOTED_INCLUDE_IN_FRAMEWORK_HEADER = YES;
				CLANG_WARN_RANGE_LOOP_ANALYSIS = YES;
				CLANG_WARN_STRICT_PROTOTYPES = YES;
				CLANG_WARN_SUSPICIOUS_MOVE = YES;
				CLANG_WARN_UNGUARDED_AVAILABILITY = YES_AGGRESSIVE;
				CLANG_WARN_UNREACHABLE_CODE = YES;
				CLANG_WARN__DUPLICATE_METHOD_MATCH = YES;
				COPY_PHASE_STRIP = NO;
				DEBUG_INFORMATION_FORMAT = dwarf;
				ENABLE_STRICT_OBJC_MSGSEND = YES;
				ENABLE_TESTABILITY = YES;
				GCC_C_LANGUAGE_STANDARD = gnu11;
				GCC_DYNAMIC_NO_PIC = NO;
				GCC_NO_COMMON_BLOCKS = YES;
				GCC_OPTIMIZATION_LEVEL = 0;
				GCC_PREPROCESSOR_DEFINITIONS = (
					"DEBUG=1",
					"$(inherited)",
				);
				GCC_WARN_64_TO_32_BIT_CONVERSION = YES;
				GCC_WARN_ABOUT_RETURN_TYPE = YES_ERROR;
				GCC_WARN_UNDECLARED_SELECTOR = YES;
				GCC_WARN_UNINITIALIZED_AUTOS = YES_AGGRESSIVE;
				GCC_WARN_UNUSED_FUNCTION = YES;
				GCC_WARN_UNUSED_VARIABLE = YES;
				IPHONEOS_DEPLOYMENT_TARGET = 16.2;
				MTL_ENABLE_DEBUG_INFO = INCLUDE_SOURCE;
				MTL_FAST_MATH = YES;
				ONLY_ACTIVE_ARCH = YES;
				SDKROOT = iphoneos;
				SWIFT_ACTIVE_COMPILATION_CONDITIONS = DEBUG;
				SWIFT_OPTIMIZATION_LEVEL = "-Onone";
			};
			name = Debug;
		};
		9F515E932B52718800102470 /* Release */ = {
			isa = XCBuildConfiguration;
			buildSettings = {
				ALWAYS_SEARCH_USER_PATHS = NO;
				CLANG_ANALYZER_NONNULL = YES;
				CLANG_ANALYZER_NUMBER_OBJECT_CONVERSION = YES_AGGRESSIVE;
				CLANG_CXX_LANGUAGE_STANDARD = "gnu++20";
				CLANG_ENABLE_MODULES = YES;
				CLANG_ENABLE_OBJC_ARC = YES;
				CLANG_ENABLE_OBJC_WEAK = YES;
				CLANG_WARN_BLOCK_CAPTURE_AUTORELEASING = YES;
				CLANG_WARN_BOOL_CONVERSION = YES;
				CLANG_WARN_COMMA = YES;
				CLANG_WARN_CONSTANT_CONVERSION = YES;
				CLANG_WARN_DEPRECATED_OBJC_IMPLEMENTATIONS = YES;
				CLANG_WARN_DIRECT_OBJC_ISA_USAGE = YES_ERROR;
				CLANG_WARN_DOCUMENTATION_COMMENTS = YES;
				CLANG_WARN_EMPTY_BODY = YES;
				CLANG_WARN_ENUM_CONVERSION = YES;
				CLANG_WARN_INFINITE_RECURSION = YES;
				CLANG_WARN_INT_CONVERSION = YES;
				CLANG_WARN_NON_LITERAL_NULL_CONVERSION = YES;
				CLANG_WARN_OBJC_IMPLICIT_RETAIN_SELF = YES;
				CLANG_WARN_OBJC_LITERAL_CONVERSION = YES;
				CLANG_WARN_OBJC_ROOT_CLASS = YES_ERROR;
				CLANG_WARN_QUOTED_INCLUDE_IN_FRAMEWORK_HEADER = YES;
				CLANG_WARN_RANGE_LOOP_ANALYSIS = YES;
				CLANG_WARN_STRICT_PROTOTYPES = YES;
				CLANG_WARN_SUSPICIOUS_MOVE = YES;
				CLANG_WARN_UNGUARDED_AVAILABILITY = YES_AGGRESSIVE;
				CLANG_WARN_UNREACHABLE_CODE = YES;
				CLANG_WARN__DUPLICATE_METHOD_MATCH = YES;
				COPY_PHASE_STRIP = NO;
				DEBUG_INFORMATION_FORMAT = "dwarf-with-dsym";
				ENABLE_NS_ASSERTIONS = NO;
				ENABLE_STRICT_OBJC_MSGSEND = YES;
				GCC_C_LANGUAGE_STANDARD = gnu11;
				GCC_NO_COMMON_BLOCKS = YES;
				GCC_WARN_64_TO_32_BIT_CONVERSION = YES;
				GCC_WARN_ABOUT_RETURN_TYPE = YES_ERROR;
				GCC_WARN_UNDECLARED_SELECTOR = YES;
				GCC_WARN_UNINITIALIZED_AUTOS = YES_AGGRESSIVE;
				GCC_WARN_UNUSED_FUNCTION = YES;
				GCC_WARN_UNUSED_VARIABLE = YES;
				IPHONEOS_DEPLOYMENT_TARGET = 16.2;
				MTL_ENABLE_DEBUG_INFO = NO;
				MTL_FAST_MATH = YES;
				SDKROOT = iphoneos;
				SWIFT_COMPILATION_MODE = wholemodule;
				SWIFT_OPTIMIZATION_LEVEL = "-O";
				VALIDATE_PRODUCT = YES;
			};
			name = Release;
		};
		9F515E952B52718800102470 /* Debug */ = {
			isa = XCBuildConfiguration;
			buildSettings = {
				ASSETCATALOG_COMPILER_APPICON_NAME = AppIcon;
				ASSETCATALOG_COMPILER_GLOBAL_ACCENT_COLOR_NAME = AccentColor;
				CODE_SIGN_STYLE = Automatic;
				CURRENT_PROJECT_VERSION = 1;
				DEVELOPMENT_ASSET_PATHS = "\"CountDownApp/Preview Content\"";
				DEVELOPMENT_TEAM = V2R8TN6K9R;
				ENABLE_PREVIEWS = YES;
				GENERATE_INFOPLIST_FILE = YES;
				INFOPLIST_KEY_UIApplicationSceneManifest_Generation = YES;
				INFOPLIST_KEY_UIApplicationSupportsIndirectInputEvents = YES;
				INFOPLIST_KEY_UILaunchScreen_Generation = YES;
				INFOPLIST_KEY_UISupportedInterfaceOrientations_iPad = "UIInterfaceOrientationPortrait UIInterfaceOrientationPortraitUpsideDown UIInterfaceOrientationLandscapeLeft UIInterfaceOrientationLandscapeRight";
				INFOPLIST_KEY_UISupportedInterfaceOrientations_iPhone = "UIInterfaceOrientationPortrait UIInterfaceOrientationLandscapeLeft UIInterfaceOrientationLandscapeRight";
				LD_RUNPATH_SEARCH_PATHS = (
					"$(inherited)",
					"@executable_path/Frameworks",
				);
				MARKETING_VERSION = 1.0;
				PRODUCT_BUNDLE_IDENTIFIER = com.kalikanth.app.CountDownApp;
				PRODUCT_NAME = "$(TARGET_NAME)";
				SWIFT_EMIT_LOC_STRINGS = YES;
				SWIFT_VERSION = 5.0;
				TARGETED_DEVICE_FAMILY = "1,2";
			};
			name = Debug;
		};
		9F515E962B52718800102470 /* Release */ = {
			isa = XCBuildConfiguration;
			buildSettings = {
				ASSETCATALOG_COMPILER_APPICON_NAME = AppIcon;
				ASSETCATALOG_COMPILER_GLOBAL_ACCENT_COLOR_NAME = AccentColor;
				CODE_SIGN_STYLE = Automatic;
				CURRENT_PROJECT_VERSION = 1;
				DEVELOPMENT_ASSET_PATHS = "\"CountDownApp/Preview Content\"";
				DEVELOPMENT_TEAM = V2R8TN6K9R;
				ENABLE_PREVIEWS = YES;
				GENERATE_INFOPLIST_FILE = YES;
				INFOPLIST_KEY_UIApplicationSceneManifest_Generation = YES;
				INFOPLIST_KEY_UIApplicationSupportsIndirectInputEvents = YES;
				INFOPLIST_KEY_UILaunchScreen_Generation = YES;
				INFOPLIST_KEY_UISupportedInterfaceOrientations_iPad = "UIInterfaceOrientationPortrait UIInterfaceOrientationPortraitUpsideDown UIInterfaceOrientationLandscapeLeft UIInterfaceOrientationLandscapeRight";
				INFOPLIST_KEY_UISupportedInterfaceOrientations_iPhone = "UIInterfaceOrientationPortrait UIInterfaceOrientationLandscapeLeft UIInterfaceOrientationLandscapeRight";
				LD_RUNPATH_SEARCH_PATHS = (
					"$(inherited)",
					"@executable_path/Frameworks",
				);
				MARKETING_VERSION = 1.0;
				PRODUCT_BUNDLE_IDENTIFIER = com.kalikanth.app.CountDownApp;
				PRODUCT_NAME = "$(TARGET_NAME)";
				SWIFT_EMIT_LOC_STRINGS = YES;
				SWIFT_VERSION = 5.0;
				TARGETED_DEVICE_FAMILY = "1,2";
			};
			name = Release;
		};
		9F515E982B52718800102470 /* Debug */ = {
			isa = XCBuildConfiguration;
			buildSettings = {
				ALWAYS_EMBED_SWIFT_STANDARD_LIBRARIES = YES;
				BUNDLE_LOADER = "$(TEST_HOST)";
				CODE_SIGN_STYLE = Automatic;
				CURRENT_PROJECT_VERSION = 1;
				DEVELOPMENT_TEAM = V2R8TN6K9R;
				GENERATE_INFOPLIST_FILE = YES;
				IPHONEOS_DEPLOYMENT_TARGET = 16.2;
				MARKETING_VERSION = 1.0;
				PRODUCT_BUNDLE_IDENTIFIER = com.kalikanth.app.CountDownAppTests;
				PRODUCT_NAME = "$(TARGET_NAME)";
				SWIFT_EMIT_LOC_STRINGS = NO;
				SWIFT_VERSION = 5.0;
				TARGETED_DEVICE_FAMILY = "1,2";
				TEST_HOST = "$(BUILT_PRODUCTS_DIR)/CountDownApp.app/$(BUNDLE_EXECUTABLE_FOLDER_PATH)/CountDownApp";
			};
			name = Debug;
		};
		9F515E992B52718800102470 /* Release */ = {
			isa = XCBuildConfiguration;
			buildSettings = {
				ALWAYS_EMBED_SWIFT_STANDARD_LIBRARIES = YES;
				BUNDLE_LOADER = "$(TEST_HOST)";
				CODE_SIGN_STYLE = Automatic;
				CURRENT_PROJECT_VERSION = 1;
				DEVELOPMENT_TEAM = V2R8TN6K9R;
				GENERATE_INFOPLIST_FILE = YES;
				IPHONEOS_DEPLOYMENT_TARGET = 16.2;
				MARKETING_VERSION = 1.0;
				PRODUCT_BUNDLE_IDENTIFIER = com.kalikanth.app.CountDownAppTests;
				PRODUCT_NAME = "$(TARGET_NAME)";
				SWIFT_EMIT_LOC_STRINGS = NO;
				SWIFT_VERSION = 5.0;
				TARGETED_DEVICE_FAMILY = "1,2";
				TEST_HOST = "$(BUILT_PRODUCTS_DIR)/CountDownApp.app/$(BUNDLE_EXECUTABLE_FOLDER_PATH)/CountDownApp";
			};
			name = Release;
		};
		9F515E9B2B52718800102470 /* Debug */ = {
			isa = XCBuildConfiguration;
			buildSettings = {
				ALWAYS_EMBED_SWIFT_STANDARD_LIBRARIES = YES;
				CODE_SIGN_STYLE = Automatic;
				CURRENT_PROJECT_VERSION = 1;
				DEVELOPMENT_TEAM = V2R8TN6K9R;
				GENERATE_INFOPLIST_FILE = YES;
				MARKETING_VERSION = 1.0;
				PRODUCT_BUNDLE_IDENTIFIER = com.kalikanth.app.CountDownAppUITests;
				PRODUCT_NAME = "$(TARGET_NAME)";
				SWIFT_EMIT_LOC_STRINGS = NO;
				SWIFT_VERSION = 5.0;
				TARGETED_DEVICE_FAMILY = "1,2";
				TEST_TARGET_NAME = CountDownApp;
			};
			name = Debug;
		};
		9F515E9C2B52718800102470 /* Release */ = {
			isa = XCBuildConfiguration;
			buildSettings = {
				ALWAYS_EMBED_SWIFT_STANDARD_LIBRARIES = YES;
				CODE_SIGN_STYLE = Automatic;
				CURRENT_PROJECT_VERSION = 1;
				DEVELOPMENT_TEAM = V2R8TN6K9R;
				GENERATE_INFOPLIST_FILE = YES;
				MARKETING_VERSION = 1.0;
				PRODUCT_BUNDLE_IDENTIFIER = com.kalikanth.app.CountDownAppUITests;
				PRODUCT_NAME = "$(TARGET_NAME)";
				SWIFT_EMIT_LOC_STRINGS = NO;
				SWIFT_VERSION = 5.0;
				TARGETED_DEVICE_FAMILY = "1,2";
				TEST_TARGET_NAME = CountDownApp;
			};
			name = Release;
		};
/* End XCBuildConfiguration section */

/* Begin XCConfigurationList section */
		9F515E662B52718400102470 /* Build configuration list for PBXProject "CountDownApp" */ = {
			isa = XCConfigurationList;
			buildConfigurations = (
				9F515E922B52718800102470 /* Debug */,
				9F515E932B52718800102470 /* Release */,
			);
			defaultConfigurationIsVisible = 0;
			defaultConfigurationName = Release;
		};
		9F515E942B52718800102470 /* Build configuration list for PBXNativeTarget "CountDownApp" */ = {
			isa = XCConfigurationList;
			buildConfigurations = (
				9F515E952B52718800102470 /* Debug */,
				9F515E962B52718800102470 /* Release */,
			);
			defaultConfigurationIsVisible = 0;
			defaultConfigurationName = Release;
		};
		9F515E972B52718800102470 /* Build configuration list for PBXNativeTarget "CountDownAppTests" */ = {
			isa = XCConfigurationList;
			buildConfigurations = (
				9F515E982B52718800102470 /* Debug */,
				9F515E992B52718800102470 /* Release */,
			);
			defaultConfigurationIsVisible = 0;
			defaultConfigurationName = Release;
		};
		9F515E9A2B52718800102470 /* Build configuration list for PBXNativeTarget "CountDownAppUITests" */ = {
			isa = XCConfigurationList;
			buildConfigurations = (
				9F515E9B2B52718800102470 /* Debug */,
				9F515E9C2B52718800102470 /* Release */,
			);
			defaultConfigurationIsVisible = 0;
			defaultConfigurationName = Release;
		};
/* End XCConfigurationList section */

/* Begin XCVersionGroup section */
		9F515E792B52718700102470 /* CountDownApp.xcdatamodeld */ = {
			isa = XCVersionGroup;
			children = (
				9F515E7A2B52718700102470 /* CountDownApp.xcdatamodel */,
			);
			currentVersion = 9F515E7A2B52718700102470 /* CountDownApp.xcdatamodel */;
			path = CountDownApp.xcdatamodeld;
			sourceTree = "<group>";
			versionGroupType = wrapper.xcdatamodel;
		};
/* End XCVersionGroup section */
	};
	rootObject = 9F515E632B52718400102470 /* Project object */;
}
